
Microsoft Visual Studio Solution File, Format Version 12.00
# Visual Studio Version 16
VisualStudioVersion = 16.0.30002.166
MinimumVisualStudioVersion = 10.0.40219.1
Project("{FAE04EC0-301F-11D3-BF4B-00C04F79EFBC}") = "NLayerProject", "NLayerProject\NLayerProject.csproj", "{363ED551-5A26-4B07-A3C8-7030555DBD64}"
EndProject
Project("{FAE04EC0-301F-11D3-BF4B-00C04F79EFBC}") = "NLayerProject.Core", "NLayerProject.Core\NLayerProject.Core.csproj", "{E63D1678-964A-492A-B580-C7E4A3B3E64B}"
EndProject
Project("{FAE04EC0-301F-11D3-BF4B-00C04F79EFBC}") = "NLayerProject.Data", "NLayerProject.Data\NLayerProject.Data.csproj", "{2B410E0D-61D1-4744-904F-E5AB487F0290}"
EndProject
Project("{FAE04EC0-301F-11D3-BF4B-00C04F79EFBC}") = "NLayerProject.Service", "NLayerProject.Service\NLayerProject.Service.csproj", "{47E5376F-6F4F-4EAE-BEB4-A9DFCD590B0A}"
EndProject
Project("{FAE04EC0-301F-11D3-BF4B-00C04F79EFBC}") = "NLayerProject.Logging", "NLayerProject.Logging\NLayerProject.Logging.csproj", "{1BEA817D-ECBA-4A07-AB9A-8B36949CA541}"
EndProject
Global
	GlobalSection(SolutionConfigurationPlatforms) = preSolution
		Debug|Any CPU = Debug|Any CPU
		Release|Any CPU = Release|Any CPU
	EndGlobalSection
	GlobalSection(ProjectConfigurationPlatforms) = postSolution
		{363ED551-5A26-4B07-A3C8-7030555DBD64}.Debug|Any CPU.ActiveCfg = Debug|Any CPU
		{363ED551-5A26-4B07-A3C8-7030555DBD64}.Debug|Any CPU.Build.0 = Debug|Any CPU
		{363ED551-5A26-4B07-A3C8-7030555DBD64}.Release|Any CPU.ActiveCfg = Release|Any CPU
		{363ED551-5A26-4B07-A3C8-7030555DBD64}.Release|Any CPU.Build.0 = Release|Any CPU
		{E63D1678-964A-492A-B580-C7E4A3B3E64B}.Debug|Any CPU.ActiveCfg = Debug|Any CPU
		{E63D1678-964A-492A-B580-C7E4A3B3E64B}.Debug|Any CPU.Build.0 = Debug|Any CPU
		{E63D1678-964A-492A-B580-C7E4A3B3E64B}.Release|Any CPU.ActiveCfg = Release|Any CPU
		{E63D1678-964A-492A-B580-C7E4A3B3E64B}.Release|Any CPU.Build.0 = Release|Any CPU
		{2B410E0D-61D1-4744-904F-E5AB487F0290}.Debug|Any CPU.ActiveCfg = Debug|Any CPU
		{2B410E0D-61D1-4744-904F-E5AB487F0290}.Debug|Any CPU.Build.0 = Debug|Any CPU
		{2B410E0D-61D1-4744-904F-E5AB487F0290}.Release|Any CPU.ActiveCfg = Release|Any CPU
		{2B410E0D-61D1-4744-904F-E5AB487F0290}.Release|Any CPU.Build.0 = Release|Any CPU
		{47E5376F-6F4F-4EAE-BEB4-A9DFCD590B0A}.Debug|Any CPU.ActiveCfg = Debug|Any CPU
		{47E5376F-6F4F-4EAE-BEB4-A9DFCD590B0A}.Debug|Any CPU.Build.0 = Debug|Any CPU
		{47E5376F-6F4F-4EAE-BEB4-A9DFCD590B0A}.Release|Any CPU.ActiveCfg = Release|Any CPU
		{47E5376F-6F4F-4EAE-BEB4-A9DFCD590B0A}.Release|Any CPU.Build.0 = Release|Any CPU
		{1BEA817D-ECBA-4A07-AB9A-8B36949CA541}.Debug|Any CPU.ActiveCfg = Debug|Any CPU
		{1BEA817D-ECBA-4A07-AB9A-8B36949CA541}.Debug|Any CPU.Build.0 = Debug|Any CPU
		{1BEA817D-ECBA-4A07-AB9A-8B36949CA541}.Release|Any CPU.ActiveCfg = Release|Any CPU
		{1BEA817D-ECBA-4A07-AB9A-8B36949CA541}.Release|Any CPU.Build.0 = Release|Any CPU
	EndGlobalSection
	GlobalSection(SolutionProperties) = preSolution
		HideSolutionNode = FALSE
	EndGlobalSection
	GlobalSection(ExtensibilityGlobals) = postSolution
		SolutionGuid = {2C3DD4B8-036A-447A-BD14-1686D9C6D090}
	EndGlobalSection
EndGlobal
